{
  "version": 4,
  "terraform_version": "1.13.3",
  "serial": 14,
  "lineage": "cb3442a7-c8bf-8118-a9cd-adb9f328751f",
  "outputs": {},
  "resources": [
    {
      "mode": "managed",
      "type": "aws_iam_instance_profile",
      "name": "this",
      "provider": "provider[\"registry.terraform.io/hashicorp/aws\"]",
      "instances": [
        {
          "schema_version": 0,
          "attributes": {
            "arn": "arn:aws:iam::264483381923:instance-profile/bench-alumno-ec2-profile",
            "create_date": "2025-10-19T12:28:25Z",
            "id": "bench-alumno-ec2-profile",
            "name": "bench-alumno-ec2-profile",
            "name_prefix": "",
            "path": "/",
            "role": "bench-alumno-ec2-role",
            "tags": {},
            "tags_all": {},
            "unique_id": "AIPAT3FDQEKRXM53WT5U4"
          },
          "sensitive_attributes": [],
          "identity_schema_version": 0,
          "private": "bnVsbA==",
          "dependencies": [
            "aws_iam_role.this"
          ]
        }
      ]
    },
    {
      "mode": "managed",
      "type": "aws_iam_policy",
      "name": "s3_read",
      "provider": "provider[\"registry.terraform.io/hashicorp/aws\"]",
      "instances": [
        {
          "schema_version": 0,
          "attributes": {
            "arn": "arn:aws:iam::264483381923:policy/s3-read-policy-bench-alumno",
            "attachment_count": 1,
            "description": "Allows EC2 instances to read from specified S3 bucket",
            "id": "arn:aws:iam::264483381923:policy/s3-read-policy-bench-alumno",
            "name": "s3-read-policy-bench-alumno",
            "name_prefix": "",
            "path": "/",
            "policy": "{\"Statement\":[{\"Action\":[\"s3:GetObject\",\"s3:ListBucket\"],\"Effect\":\"Allow\",\"Resource\":[\"arn:aws:s3:::bench-alumno-e77879d5911bcc00\",\"arn:aws:s3:::bench-alumno-e77879d5911bcc00/*\"]}],\"Version\":\"2012-10-17\"}",
            "policy_id": "ANPAT3FDQEKRSM6MMFF6P",
            "tags": {},
            "tags_all": {}
          },
          "sensitive_attributes": [],
          "identity_schema_version": 0,
          "identity": {
            "arn": "arn:aws:iam::264483381923:policy/s3-read-policy-bench-alumno"
          },
          "private": "bnVsbA=="
        }
      ]
    },
    {
      "mode": "managed",
      "type": "aws_iam_role",
      "name": "this",
      "provider": "provider[\"registry.terraform.io/hashicorp/aws\"]",
      "instances": [
        {
          "schema_version": 0,
          "attributes": {
            "arn": "arn:aws:iam::264483381923:role/bench-alumno-ec2-role",
            "assume_role_policy": "{\"Statement\":[{\"Action\":\"sts:AssumeRole\",\"Effect\":\"Allow\",\"Principal\":{\"Service\":\"ec2.amazonaws.com\"}}],\"Version\":\"2012-10-17\"}",
            "create_date": "2025-10-19T12:28:25Z",
            "description": "",
            "force_detach_policies": false,
            "id": "bench-alumno-ec2-role",
            "inline_policy": [],
            "managed_policy_arns": [
              "arn:aws:iam::264483381923:policy/s3-read-policy-bench-alumno",
              "arn:aws:iam::aws:policy/AmazonSSMManagedInstanceCore"
            ],
            "max_session_duration": 3600,
            "name": "bench-alumno-ec2-role",
            "name_prefix": "",
            "path": "/",
            "permissions_boundary": "",
            "tags": {},
            "tags_all": {},
            "unique_id": "AROAT3FDQEKRSJOFHBHUP"
          },
          "sensitive_attributes": [],
          "identity_schema_version": 0,
          "identity": {
            "account_id": "264483381923",
            "name": "bench-alumno-ec2-role"
          },
          "private": "bnVsbA=="
        }
      ]
    },
    {
      "mode": "managed",
      "type": "aws_iam_role_policy_attachment",
      "name": "s3_read_attach",
      "provider": "provider[\"registry.terraform.io/hashicorp/aws\"]",
      "instances": [
        {
          "schema_version": 0,
          "attributes": {
            "id": "bench-alumno-ec2-role/arn:aws:iam::264483381923:policy/s3-read-policy-bench-alumno",
            "policy_arn": "arn:aws:iam::264483381923:policy/s3-read-policy-bench-alumno",
            "role": "bench-alumno-ec2-role"
          },
          "sensitive_attributes": [],
          "identity_schema_version": 0,
          "identity": {
            "account_id": "264483381923",
            "policy_arn": "arn:aws:iam::264483381923:policy/s3-read-policy-bench-alumno",
            "role": "bench-alumno-ec2-role"
          },
          "private": "bnVsbA==",
          "dependencies": [
            "aws_iam_policy.s3_read",
            "aws_iam_role.this"
          ]
        }
      ]
    },
    {
      "mode": "managed",
      "type": "aws_iam_role_policy_attachment",
      "name": "ssm_core_attachment",
      "provider": "provider[\"registry.terraform.io/hashicorp/aws\"]",
      "instances": [
        {
          "schema_version": 0,
          "attributes": {
            "id": "bench-alumno-ec2-role/arn:aws:iam::aws:policy/AmazonSSMManagedInstanceCore",
            "policy_arn": "arn:aws:iam::aws:policy/AmazonSSMManagedInstanceCore",
            "role": "bench-alumno-ec2-role"
          },
          "sensitive_attributes": [],
          "identity_schema_version": 0,
          "identity": {
            "account_id": "264483381923",
            "policy_arn": "arn:aws:iam::aws:policy/AmazonSSMManagedInstanceCore",
            "role": "bench-alumno-ec2-role"
          },
          "private": "bnVsbA==",
          "dependencies": [
            "aws_iam_role.this"
          ]
        }
      ]
    },
    {
      "mode": "managed",
      "type": "aws_security_group",
      "name": "server",
      "provider": "provider[\"registry.terraform.io/hashicorp/aws\"]",
      "instances": [
        {
          "schema_version": 1,
          "attributes": {
            "arn": "arn:aws:ec2:us-east-1:264483381923:security-group/sg-071316a29d17739d2",
            "description": "Security group for the web server",
            "egress": [
              {
                "cidr_blocks": [
                  "0.0.0.0/0"
                ],
                "description": "Allow all outbound traffic",
                "from_port": 0,
                "ipv6_cidr_blocks": [],
                "prefix_list_ids": [],
                "protocol": "-1",
                "security_groups": [],
                "self": false,
                "to_port": 0
              }
            ],
            "id": "sg-071316a29d17739d2",
            "ingress": [],
            "name": "bench-alumno-server-",
            "name_prefix": "",
            "owner_id": "264483381923",
            "region": "us-east-1",
            "revoke_rules_on_delete": false,
            "tags": {},
            "tags_all": {},
            "timeouts": null,
            "vpc_id": "vpc-03a5154742e9d65ba"
          },
          "sensitive_attributes": [],
          "identity_schema_version": 0,
          "identity": {
            "account_id": "264483381923",
            "id": "sg-071316a29d17739d2",
            "region": "us-east-1"
          },
          "private": "eyJlMmJmYjczMC1lY2FhLTExZTYtOGY4OC0zNDM2M2JjN2M0YzAiOnsiY3JlYXRlIjo2MDAwMDAwMDAwMDAsImRlbGV0ZSI6OTAwMDAwMDAwMDAwfSwic2NoZW1hX3ZlcnNpb24iOiIxIn0="
        }
      ]
    },
    {
      "mode": "managed",
      "type": "aws_security_group",
      "name": "this",
      "provider": "provider[\"registry.terraform.io/hashicorp/aws\"]",
      "instances": [
        {
          "schema_version": 1,
          "attributes": {
            "arn": "arn:aws:ec2:us-east-1:264483381923:security-group/sg-088e95d2a5b8e7fc1",
            "description": "Security group for the server",
            "egress": [],
            "id": "sg-088e95d2a5b8e7fc1",
            "ingress": [],
            "name": "bench-alumno-server",
            "name_prefix": "",
            "owner_id": "264483381923",
            "region": "us-east-1",
            "revoke_rules_on_delete": false,
            "tags": {},
            "tags_all": {},
            "timeouts": null,
            "vpc_id": "vpc-03a5154742e9d65ba"
          },
          "sensitive_attributes": [],
          "identity_schema_version": 0,
          "identity": {
            "account_id": "264483381923",
            "id": "sg-088e95d2a5b8e7fc1",
            "region": "us-east-1"
          },
          "private": "eyJlMmJmYjczMC1lY2FhLTExZTYtOGY4OC0zNDM2M2JjN2M0YzAiOnsiY3JlYXRlIjo2MDAwMDAwMDAwMDAsImRlbGV0ZSI6OTAwMDAwMDAwMDAwfSwic2NoZW1hX3ZlcnNpb24iOiIxIn0="
        }
      ]
    },
    {
      "mode": "managed",
      "type": "aws_vpc_security_group_egress_rule",
      "name": "to_all",
      "provider": "provider[\"registry.terraform.io/hashicorp/aws\"]",
      "instances": [
        {
          "schema_version": 0,
          "attributes": {
            "arn": "arn:aws:ec2:us-east-1:264483381923:security-group-rule/sgr-0f227fa90fbfb1440",
            "cidr_ipv4": "0.0.0.0/0",
            "cidr_ipv6": null,
            "description": "Allow all outbound traffic",
            "from_port": null,
            "id": "sgr-0f227fa90fbfb1440",
            "ip_protocol": "-1",
            "prefix_list_id": null,
            "referenced_security_group_id": null,
            "region": "us-east-1",
            "security_group_id": "sg-071316a29d17739d2",
            "security_group_rule_id": "sgr-0f227fa90fbfb1440",
            "tags": null,
            "tags_all": {},
            "to_port": null
          },
          "sensitive_attributes": [],
          "identity_schema_version": 0,
          "identity": {
            "account_id": "264483381923",
            "id": "sgr-0f227fa90fbfb1440",
            "region": "us-east-1"
          },
          "dependencies": [
            "aws_security_group.server"
          ]
        }
      ]
    }
  ],
  "check_results": null
}
